
Microsoft Visual Studio Solution File, Format Version 12.00
# Visual Studio Version 17
VisualStudioVersion = 17.8.34511.84
MinimumVisualStudioVersion = 10.0.40219.1
Project("{8BC9CEB8-8B4A-11D0-8D11-00A0C91BC942}") = "ENGE 1216 Final Project", "ENGE 1216 Final Project\ENGE 1216 Final Project.vcxproj", "{FB06D746-244D-4B1F-BE89-06A9ECD097D3}"
EndProject
Global
	GlobalSection(SolutionConfigurationPlatforms) = preSolution
		Debug|ARM = Debug|ARM
		Debug|ARM64 = Debug|ARM64
		Debug|x64 = Debug|x64
		Debug|x86 = Debug|x86
		Release|ARM = Release|ARM
		Release|ARM64 = Release|ARM64
		Release|x64 = Release|x64
		Release|x86 = Release|x86
	EndGlobalSection
	GlobalSection(ProjectConfigurationPlatforms) = postSolution
		{FB06D746-244D-4B1F-BE89-06A9ECD097D3}.Debug|ARM.ActiveCfg = Debug|ARM
		{FB06D746-244D-4B1F-BE89-06A9ECD097D3}.Debug|ARM.Build.0 = Debug|ARM
		{FB06D746-244D-4B1F-BE89-06A9ECD097D3}.Debug|ARM.Deploy.0 = Debug|ARM
		{FB06D746-244D-4B1F-BE89-06A9ECD097D3}.Debug|ARM64.ActiveCfg = Debug|ARM64
		{FB06D746-244D-4B1F-BE89-06A9ECD097D3}.Debug|ARM64.Build.0 = Debug|ARM64
		{FB06D746-244D-4B1F-BE89-06A9ECD097D3}.Debug|ARM64.Deploy.0 = Debug|ARM64
		{FB06D746-244D-4B1F-BE89-06A9ECD097D3}.Debug|x64.ActiveCfg = Debug|x64
		{FB06D746-244D-4B1F-BE89-06A9ECD097D3}.Debug|x64.Build.0 = Debug|x64
		{FB06D746-244D-4B1F-BE89-06A9ECD097D3}.Debug|x64.Deploy.0 = Debug|x64
		{FB06D746-244D-4B1F-BE89-06A9ECD097D3}.Debug|x86.ActiveCfg = Debug|x86
		{FB06D746-244D-4B1F-BE89-06A9ECD097D3}.Debug|x86.Build.0 = Debug|x86
		{FB06D746-244D-4B1F-BE89-06A9ECD097D3}.Debug|x86.Deploy.0 = Debug|x86
		{FB06D746-244D-4B1F-BE89-06A9ECD097D3}.Release|ARM.ActiveCfg = Release|ARM
		{FB06D746-244D-4B1F-BE89-06A9ECD097D3}.Release|ARM.Build.0 = Release|ARM
		{FB06D746-244D-4B1F-BE89-06A9ECD097D3}.Release|ARM.Deploy.0 = Release|ARM
		{FB06D746-244D-4B1F-BE89-06A9ECD097D3}.Release|ARM64.ActiveCfg = Release|ARM64
		{FB06D746-244D-4B1F-BE89-06A9ECD097D3}.Release|ARM64.Build.0 = Release|ARM64
		{FB06D746-244D-4B1F-BE89-06A9ECD097D3}.Release|ARM64.Deploy.0 = Release|ARM64
		{FB06D746-244D-4B1F-BE89-06A9ECD097D3}.Release|x64.ActiveCfg = Release|x64
		{FB06D746-244D-4B1F-BE89-06A9ECD097D3}.Release|x64.Build.0 = Release|x64
		{FB06D746-244D-4B1F-BE89-06A9ECD097D3}.Release|x64.Deploy.0 = Release|x64
		{FB06D746-244D-4B1F-BE89-06A9ECD097D3}.Release|x86.ActiveCfg = Release|x86
		{FB06D746-244D-4B1F-BE89-06A9ECD097D3}.Release|x86.Build.0 = Release|x86
		{FB06D746-244D-4B1F-BE89-06A9ECD097D3}.Release|x86.Deploy.0 = Release|x86
	EndGlobalSection
	GlobalSection(SolutionProperties) = preSolution
		HideSolutionNode = FALSE
	EndGlobalSection
	GlobalSection(ExtensibilityGlobals) = postSolution
		SolutionGuid = {E46EFBB7-411A-4DA4-80A4-79F2ED4BFD9E}
	EndGlobalSection
EndGlobal
